
Microsoft Visual Studio Solution File, Format Version 12.00
# Visual Studio Version 16
VisualStudioVersion = 16.6.30114.105
MinimumVisualStudioVersion = 10.0.40219.1
Project("{FAE04EC0-301F-11D3-BF4B-00C04F79EFBC}") = "WebApi", "WebApi\WebApi.csproj", "{D69EAB67-531B-414B-A0A4-EF13AF72DF40}"
EndProject
Project("{FAE04EC0-301F-11D3-BF4B-00C04F79EFBC}") = "WebApi.Tests", "WebApi.Tests\WebApi.Tests.csproj", "{0C11A1DD-1702-42CE-B217-78DFF0612C68}"
EndProject
Global
	GlobalSection(SolutionConfigurationPlatforms) = preSolution
		Debug|Any CPU = Debug|Any CPU
		Debug|x64 = Debug|x64
		Debug|x86 = Debug|x86
		Release|Any CPU = Release|Any CPU
		Release|x64 = Release|x64
		Release|x86 = Release|x86
	EndGlobalSection
	GlobalSection(SolutionProperties) = preSolution
		HideSolutionNode = FALSE
	EndGlobalSection
	GlobalSection(ProjectConfigurationPlatforms) = postSolution
		{D69EAB67-531B-414B-A0A4-EF13AF72DF40}.Debug|Any CPU.ActiveCfg = Debug|Any CPU
		{D69EAB67-531B-414B-A0A4-EF13AF72DF40}.Debug|Any CPU.Build.0 = Debug|Any CPU
		{D69EAB67-531B-414B-A0A4-EF13AF72DF40}.Debug|x64.ActiveCfg = Debug|Any CPU
		{D69EAB67-531B-414B-A0A4-EF13AF72DF40}.Debug|x64.Build.0 = Debug|Any CPU
		{D69EAB67-531B-414B-A0A4-EF13AF72DF40}.Debug|x86.ActiveCfg = Debug|Any CPU
		{D69EAB67-531B-414B-A0A4-EF13AF72DF40}.Debug|x86.Build.0 = Debug|Any CPU
		{D69EAB67-531B-414B-A0A4-EF13AF72DF40}.Release|Any CPU.ActiveCfg = Release|Any CPU
		{D69EAB67-531B-414B-A0A4-EF13AF72DF40}.Release|Any CPU.Build.0 = Release|Any CPU
		{D69EAB67-531B-414B-A0A4-EF13AF72DF40}.Release|x64.ActiveCfg = Release|Any CPU
		{D69EAB67-531B-414B-A0A4-EF13AF72DF40}.Release|x64.Build.0 = Release|Any CPU
		{D69EAB67-531B-414B-A0A4-EF13AF72DF40}.Release|x86.ActiveCfg = Release|Any CPU
		{D69EAB67-531B-414B-A0A4-EF13AF72DF40}.Release|x86.Build.0 = Release|Any CPU
		{0C11A1DD-1702-42CE-B217-78DFF0612C68}.Debug|Any CPU.ActiveCfg = Debug|Any CPU
		{0C11A1DD-1702-42CE-B217-78DFF0612C68}.Debug|Any CPU.Build.0 = Debug|Any CPU
		{0C11A1DD-1702-42CE-B217-78DFF0612C68}.Debug|x64.ActiveCfg = Debug|Any CPU
		{0C11A1DD-1702-42CE-B217-78DFF0612C68}.Debug|x64.Build.0 = Debug|Any CPU
		{0C11A1DD-1702-42CE-B217-78DFF0612C68}.Debug|x86.ActiveCfg = Debug|Any CPU
		{0C11A1DD-1702-42CE-B217-78DFF0612C68}.Debug|x86.Build.0 = Debug|Any CPU
		{0C11A1DD-1702-42CE-B217-78DFF0612C68}.Release|Any CPU.ActiveCfg = Release|Any CPU
		{0C11A1DD-1702-42CE-B217-78DFF0612C68}.Release|Any CPU.Build.0 = Release|Any CPU
		{0C11A1DD-1702-42CE-B217-78DFF0612C68}.Release|x64.ActiveCfg = Release|Any CPU
		{0C11A1DD-1702-42CE-B217-78DFF0612C68}.Release|x64.Build.0 = Release|Any CPU
		{0C11A1DD-1702-42CE-B217-78DFF0612C68}.Release|x86.ActiveCfg = Release|Any CPU
		{0C11A1DD-1702-42CE-B217-78DFF0612C68}.Release|x86.Build.0 = Release|Any CPU
	EndGlobalSection
EndGlobal
